// !$*UTF8*$!
{
	archiveVersion = 1;
	classes = {
	};
	objectVersion = 52;
	objects = {

/* Begin PBXBuildFile section */
		F33CAFEA26EF88DE002273E8 /* AppDelegate.swift in Sources */ = {isa = PBXBuildFile; fileRef = F33CAFE926EF88DE002273E8 /* AppDelegate.swift */; };
		F33CAFEC26EF88DE002273E8 /* SceneDelegate.swift in Sources */ = {isa = PBXBuildFile; fileRef = F33CAFEB26EF88DE002273E8 /* SceneDelegate.swift */; };
		F33CAFEE26EF88DE002273E8 /* ViewController.swift in Sources */ = {isa = PBXBuildFile; fileRef = F33CAFED26EF88DE002273E8 /* ViewController.swift */; };
		F33CAFF126EF88DE002273E8 /* Main.storyboard in Resources */ = {isa = PBXBuildFile; fileRef = F33CAFEF26EF88DE002273E8 /* Main.storyboard */; };
		F33CAFF326EF88E2002273E8 /* Assets.xcassets in Resources */ = {isa = PBXBuildFile; fileRef = F33CAFF226EF88E2002273E8 /* Assets.xcassets */; };
		F33CAFF626EF88E2002273E8 /* LaunchScreen.storyboard in Resources */ = {isa = PBXBuildFile; fileRef = F33CAFF426EF88E2002273E8 /* LaunchScreen.storyboard */; };
		F33CAFFF26EF8921002273E8 /* AgoraRtcKit in Frameworks */ = {isa = PBXBuildFile; productRef = F33CAFFE26EF8921002273E8 /* AgoraRtcKit */; };
/* End PBXBuildFile section */

/* Begin PBXFileReference section */
		F33CAFE626EF88DE002273E8 /* agora-ios-quickstart.app */ = {isa = PBXFileReference; explicitFileType = wrapper.application; includeInIndex = 0; path = "agora-ios-quickstart.app"; sourceTree = BUILT_PRODUCTS_DIR; };
		F33CAFE926EF88DE002273E8 /* AppDelegate.swift */ = {isa = PBXFileReference; lastKnownFileType = sourcecode.swift; path = AppDelegate.swift; sourceTree = "<group>"; };
		F33CAFEB26EF88DE002273E8 /* SceneDelegate.swift */ = {isa = PBXFileReference; lastKnownFileType = sourcecode.swift; path = SceneDelegate.swift; sourceTree = "<group>"; };
		F33CAFED26EF88DE002273E8 /* ViewController.swift */ = {isa = PBXFileReference; lastKnownFileType = sourcecode.swift; path = ViewController.swift; sourceTree = "<group>"; };
		F33CAFF026EF88DE002273E8 /* Base */ = {isa = PBXFileReference; lastKnownFileType = file.storyboard; name = Base; path = Base.lproj/Main.storyboard; sourceTree = "<group>"; };
		F33CAFF226EF88E2002273E8 /* Assets.xcassets */ = {isa = PBXFileReference; lastKnownFileType = folder.assetcatalog; path = Assets.xcassets; sourceTree = "<group>"; };
		F33CAFF526EF88E2002273E8 /* Base */ = {isa = PBXFileReference; lastKnownFileType = file.storyboard; name = Base; path = Base.lproj/LaunchScreen.storyboard; sourceTree = "<group>"; };
		F33CAFF726EF88E2002273E8 /* Info.plist */ = {isa = PBXFileReference; lastKnownFileType = text.plist.xml; path = Info.plist; sourceTree = "<group>"; };
/* End PBXFileReference section */

/* Begin PBXFrameworksBuildPhase section */
		F33CAFE326EF88DE002273E8 /* Frameworks */ = {
			isa = PBXFrameworksBuildPhase;
			buildActionMask = 2147483647;
			files = (
				F33CAFFF26EF8921002273E8 /* AgoraRtcKit in Frameworks */,
			);
			runOnlyForDeploymentPostprocessing = 0;
		};
/* End PBXFrameworksBuildPhase section */

/* Begin PBXGroup section */
		F33CAFDD26EF88DE002273E8 = {
			isa = PBXGroup;
			children = (
				F33CAFE826EF88DE002273E8 /* agora-ios-quickstart */,
				F33CAFE726EF88DE002273E8 /* Products */,
			);
			sourceTree = "<group>";
		};
		F33CAFE726EF88DE002273E8 /* Products */ = {
			isa = PBXGroup;
			children = (
				F33CAFE626EF88DE002273E8 /* agora-ios-quickstart.app */,
			);
			name = Products;
			sourceTree = "<group>";
		};
		F33CAFE826EF88DE002273E8 /* agora-ios-quickstart */ = {
			isa = PBXGroup;
			children = (
				F33CAFE926EF88DE002273E8 /* AppDelegate.swift */,
				F33CAFEB26EF88DE002273E8 /* SceneDelegate.swift */,
				F33CAFED26EF88DE002273E8 /* ViewController.swift */,
				F33CAFEF26EF88DE002273E8 /* Main.storyboard */,
				F33CAFF226EF88E2002273E8 /* Assets.xcassets */,
				F33CAFF426EF88E2002273E8 /* LaunchScreen.storyboard */,
				F33CAFF726EF88E2002273E8 /* Info.plist */,
			);
			path = "agora-ios-quickstart";
			sourceTree = "<group>";
		};
/* End PBXGroup section */

/* Begin PBXNativeTarget section */
		F33CAFE526EF88DE002273E8 /* agora-ios-quickstart */ = {
			isa = PBXNativeTarget;
			buildConfigurationList = F33CAFFA26EF88E2002273E8 /* Build configuration list for PBXNativeTarget "agora-ios-quickstart" */;
			buildPhases = (
				F33CAFE226EF88DE002273E8 /* Sources */,
				F33CAFE326EF88DE002273E8 /* Frameworks */,
				F33CAFE426EF88DE002273E8 /* Resources */,
			);
			buildRules = (
			);
			dependencies = (
			);
			name = "agora-ios-quickstart";
			packageProductDependencies = (
				F33CAFFE26EF8921002273E8 /* AgoraRtcKit */,
			);
			productName = "agora-ios-quickstart";
			productReference = F33CAFE626EF88DE002273E8 /* agora-ios-quickstart.app */;
			productType = "com.apple.product-type.application";
		};
/* End PBXNativeTarget section */

/* Begin PBXProject section */
		F33CAFDE26EF88DE002273E8 /* Project object */ = {
			isa = PBXProject;
			attributes = {
				LastSwiftUpdateCheck = 1250;
				LastUpgradeCheck = 1250;
				TargetAttributes = {
					F33CAFE526EF88DE002273E8 = {
						CreatedOnToolsVersion = 12.5.1;
					};
				};
			};
			buildConfigurationList = F33CAFE126EF88DE002273E8 /* Build configuration list for PBXProject "agora-ios-quickstart" */;
			compatibilityVersion = "Xcode 9.3";
			developmentRegion = en;
			hasScannedForEncodings = 0;
			knownRegions = (
				en,
				Base,
			);
			mainGroup = F33CAFDD26EF88DE002273E8;
			packageReferences = (
				F33CAFFD26EF8921002273E8 /* XCRemoteSwiftPackageReference "AgoraRtcEngine_iOS" */,
			);
			productRefGroup = F33CAFE726EF88DE002273E8 /* Products */;
			projectDirPath = "";
			projectRoot = "";
			targets = (
				F33CAFE526EF88DE002273E8 /* agora-ios-quickstart */,
			);
		};
/* End PBXProject section */

/* Begin PBXResourcesBuildPhase section */
		F33CAFE426EF88DE002273E8 /* Resources */ = {
			isa = PBXResourcesBuildPhase;
			buildActionMask = 2147483647;
			files = (
				F33CAFF626EF88E2002273E8 /* LaunchScreen.storyboard in Resources */,
				F33CAFF326EF88E2002273E8 /* Assets.xcassets in Resources */,
				F33CAFF126EF88DE002273E8 /* Main.storyboard in Resources */,
			);
			runOnlyForDeploymentPostprocessing = 0;
		};
/* End PBXResourcesBuildPhase section */

/* Begin PBXSourcesBuildPhase section */
		F33CAFE226EF88DE002273E8 /* Sources */ = {
			isa = PBXSourcesBuildPhase;
			buildActionMask = 2147483647;
			files = (
				F33CAFEE26EF88DE002273E8 /* ViewController.swift in Sources */,
				F33CAFEA26EF88DE002273E8 /* AppDelegate.swift in Sources */,
				F33CAFEC26EF88DE002273E8 /* SceneDelegate.swift in Sources */,
			);
			runOnlyForDeploymentPostprocessing = 0;
		};
/* End PBXSourcesBuildPhase section */

/* Begin PBXVariantGroup section */
		F33CAFEF26EF88DE002273E8 /* Main.storyboard */ = {
			isa = PBXVariantGroup;
			children = (
				F33CAFF026EF88DE002273E8 /* Base */,
			);
			name = Main.storyboard;
			sourceTree = "<group>";
		};
		F33CAFF426EF88E2002273E8 /* LaunchScreen.storyboard */ = {
			isa = PBXVariantGroup;
			children = (
				F33CAFF526EF88E2002273E8 /* Base */,
			);
			name = LaunchScreen.storyboard;
			sourceTree = "<group>";
		};
/* End PBXVariantGroup section */

/* Begin XCBuildConfiguration section */
		F33CAFF826EF88E2002273E8 /* Debug */ = {
			isa = XCBuildConfiguration;
			buildSettings = {
				ALWAYS_SEARCH_USER_PATHS = NO;
				CLANG_ANALYZER_NONNULL = YES;
				CLANG_ANALYZER_NUMBER_OBJECT_CONVERSION = YES_AGGRESSIVE;
				CLANG_CXX_LANGUAGE_STANDARD = "gnu++14";
				CLANG_CXX_LIBRARY = "libc++";
				CLANG_ENABLE_MODULES = YES;
				CLANG_ENABLE_OBJC_ARC = YES;
				CLANG_ENABLE_OBJC_WEAK = YES;
				CLANG_WARN_BLOCK_CAPTURE_AUTORELEASING = YES;
				CLANG_WARN_BOOL_CONVERSION = YES;
				CLANG_WARN_COMMA = YES;
				CLANG_WARN_CONSTANT_CONVERSION = YES;
				CLANG_WARN_DEPRECATED_OBJC_IMPLEMENTATIONS = YES;
				CLANG_WARN_DIRECT_OBJC_ISA_USAGE = YES_ERROR;
				CLANG_WARN_DOCUMENTATION_COMMENTS = YES;
				CLANG_WARN_EMPTY_BODY = YES;
				CLANG_WARN_ENUM_CONVERSION = YES;
				CLANG_WARN_INFINITE_RECURSION = YES;
				CLANG_WARN_INT_CONVERSION = YES;
				CLANG_WARN_NON_LITERAL_NULL_CONVERSION = YES;
				CLANG_WARN_OBJC_IMPLICIT_RETAIN_SELF = YES;
				CLANG_WARN_OBJC_LITERAL_CONVERSION = YES;
				CLANG_WARN_OBJC_ROOT_CLASS = YES_ERROR;
				CLANG_WARN_QUOTED_INCLUDE_IN_FRAMEWORK_HEADER = YES;
				CLANG_WARN_RANGE_LOOP_ANALYSIS = YES;
				CLANG_WARN_STRICT_PROTOTYPES = YES;
				CLANG_WARN_SUSPICIOUS_MOVE = YES;
				CLANG_WARN_UNGUARDED_AVAILABILITY = YES_AGGRESSIVE;
				CLANG_WARN_UNREACHABLE_CODE = YES;
				CLANG_WARN__DUPLICATE_METHOD_MATCH = YES;
				COPY_PHASE_STRIP = NO;
				DEBUG_INFORMATION_FORMAT = dwarf;
				ENABLE_STRICT_OBJC_MSGSEND = YES;
				ENABLE_TESTABILITY = YES;
				GCC_C_LANGUAGE_STANDARD = gnu11;
				GCC_DYNAMIC_NO_PIC = NO;
				GCC_NO_COMMON_BLOCKS = YES;
				GCC_OPTIMIZATION_LEVEL = 0;
				GCC_PREPROCESSOR_DEFINITIONS = (
					"DEBUG=1",
					"$(inherited)",
				);
				GCC_WARN_64_TO_32_BIT_CONVERSION = YES;
				GCC_WARN_ABOUT_RETURN_TYPE = YES_ERROR;
				GCC_WARN_UNDECLARED_SELECTOR = YES;
				GCC_WARN_UNINITIALIZED_AUTOS = YES_AGGRESSIVE;
				GCC_WARN_UNUSED_FUNCTION = YES;
				GCC_WARN_UNUSED_VARIABLE = YES;
				IPHONEOS_DEPLOYMENT_TARGET = 14.5;
				MTL_ENABLE_DEBUG_INFO = INCLUDE_SOURCE;
				MTL_FAST_MATH = YES;
				ONLY_ACTIVE_ARCH = YES;
				SDKROOT = iphoneos;
				SWIFT_ACTIVE_COMPILATION_CONDITIONS = DEBUG;
				SWIFT_OPTIMIZATION_LEVEL = "-Onone";
			};
			name = Debug;
		};
		F33CAFF926EF88E2002273E8 /* Release */ = {
			isa = XCBuildConfiguration;
			buildSettings = {
				ALWAYS_SEARCH_USER_PATHS = NO;
				CLANG_ANALYZER_NONNULL = YES;
				CLANG_ANALYZER_NUMBER_OBJECT_CONVERSION = YES_AGGRESSIVE;
				CLANG_CXX_LANGUAGE_STANDARD = "gnu++14";
				CLANG_CXX_LIBRARY = "libc++";
				CLANG_ENABLE_MODULES = YES;
				CLANG_ENABLE_OBJC_ARC = YES;
				CLANG_ENABLE_OBJC_WEAK = YES;
				CLANG_WARN_BLOCK_CAPTURE_AUTORELEASING = YES;
				CLANG_WARN_BOOL_CONVERSION = YES;
				CLANG_WARN_COMMA = YES;
				CLANG_WARN_CONSTANT_CONVERSION = YES;
				CLANG_WARN_DEPRECATED_OBJC_IMPLEMENTATIONS = YES;
				CLANG_WARN_DIRECT_OBJC_ISA_USAGE = YES_ERROR;
				CLANG_WARN_DOCUMENTATION_COMMENTS = YES;
				CLANG_WARN_EMPTY_BODY = YES;
				CLANG_WARN_ENUM_CONVERSION = YES;
				CLANG_WARN_INFINITE_RECURSION = YES;
				CLANG_WARN_INT_CONVERSION = YES;
				CLANG_WARN_NON_LITERAL_NULL_CONVERSION = YES;
				CLANG_WARN_OBJC_IMPLICIT_RETAIN_SELF = YES;
				CLANG_WARN_OBJC_LITERAL_CONVERSION = YES;
				CLANG_WARN_OBJC_ROOT_CLASS = YES_ERROR;
				CLANG_WARN_QUOTED_INCLUDE_IN_FRAMEWORK_HEADER = YES;
				CLANG_WARN_RANGE_LOOP_ANALYSIS = YES;
				CLANG_WARN_STRICT_PROTOTYPES = YES;
				CLANG_WARN_SUSPICIOUS_MOVE = YES;
				CLANG_WARN_UNGUARDED_AVAILABILITY = YES_AGGRESSIVE;
				CLANG_WARN_UNREACHABLE_CODE = YES;
				CLANG_WARN__DUPLICATE_METHOD_MATCH = YES;
				COPY_PHASE_STRIP = NO;
				DEBUG_INFORMATION_FORMAT = "dwarf-with-dsym";
				ENABLE_NS_ASSERTIONS = NO;
				ENABLE_STRICT_OBJC_MSGSEND = YES;
				GCC_C_LANGUAGE_STANDARD = gnu11;
				GCC_NO_COMMON_BLOCKS = YES;
				GCC_WARN_64_TO_32_BIT_CONVERSION = YES;
				GCC_WARN_ABOUT_RETURN_TYPE = YES_ERROR;
				GCC_WARN_UNDECLARED_SELECTOR = YES;
				GCC_WARN_UNINITIALIZED_AUTOS = YES_AGGRESSIVE;
				GCC_WARN_UNUSED_FUNCTION = YES;
				GCC_WARN_UNUSED_VARIABLE = YES;
				IPHONEOS_DEPLOYMENT_TARGET = 14.5;
				MTL_ENABLE_DEBUG_INFO = NO;
				MTL_FAST_MATH = YES;
				SDKROOT = iphoneos;
				SWIFT_COMPILATION_MODE = wholemodule;
				SWIFT_OPTIMIZATION_LEVEL = "-O";
				VALIDATE_PRODUCT = YES;
			};
			name = Release;
		};
		F33CAFFB26EF88E2002273E8 /* Debug */ = {
			isa = XCBuildConfiguration;
			buildSettings = {
				ASSETCATALOG_COMPILER_APPICON_NAME = AppIcon;
				ASSETCATALOG_COMPILER_GLOBAL_ACCENT_COLOR_NAME = AccentColor;
				CODE_SIGN_STYLE = Automatic;
				DEVELOPMENT_TEAM = 278494H572;
				INFOPLIST_FILE = "agora-ios-quickstart/Info.plist";
				LD_RUNPATH_SEARCH_PATHS = (
					"$(inherited)",
					"@executable_path/Frameworks",
				);
				PRODUCT_BUNDLE_IDENTIFIER = "uk.rocketar.agora-ios-quickstart";
				PRODUCT_NAME = "$(TARGET_NAME)";
				SWIFT_VERSION = 5.0;
				TARGETED_DEVICE_FAMILY = "1,2";
			};
			name = Debug;
		};
		F33CAFFC26EF88E2002273E8 /* Release */ = {
			isa = XCBuildConfiguration;
			buildSettings = {
				ASSETCATALOG_COMPILER_APPICON_NAME = AppIcon;
				ASSETCATALOG_COMPILER_GLOBAL_ACCENT_COLOR_NAME = AccentColor;
				CODE_SIGN_STYLE = Automatic;
				DEVELOPMENT_TEAM = 278494H572;
				INFOPLIST_FILE = "agora-ios-quickstart/Info.plist";
				LD_RUNPATH_SEARCH_PATHS = (
					"$(inherited)",
					"@executable_path/Frameworks",
				);
				PRODUCT_BUNDLE_IDENTIFIER = "uk.rocketar.agora-ios-quickstart";
				PRODUCT_NAME = "$(TARGET_NAME)";
				SWIFT_VERSION = 5.0;
				TARGETED_DEVICE_FAMILY = "1,2";
			};
			name = Release;
		};
/* End XCBuildConfiguration section */

/* Begin XCConfigurationList section */
		F33CAFE126EF88DE002273E8 /* Build configuration list for PBXProject "agora-ios-quickstart" */ = {
			isa = XCConfigurationList;
			buildConfigurations = (
				F33CAFF826EF88E2002273E8 /* Debug */,
				F33CAFF926EF88E2002273E8 /* Release */,
			);
			defaultConfigurationIsVisible = 0;
			defaultConfigurationName = Release;
		};
		F33CAFFA26EF88E2002273E8 /* Build configuration list for PBXNativeTarget "agora-ios-quickstart" */ = {
			isa = XCConfigurationList;
			buildConfigurations = (
				F33CAFFB26EF88E2002273E8 /* Debug */,
				F33CAFFC26EF88E2002273E8 /* Release */,
			);
			defaultConfigurationIsVisible = 0;
			defaultConfigurationName = Release;
		};
/* End XCConfigurationList section */

/* Begin XCRemoteSwiftPackageReference section */
		F33CAFFD26EF8921002273E8 /* XCRemoteSwiftPackageReference "AgoraRtcEngine_iOS" */ = {
			isa = XCRemoteSwiftPackageReference;
			repositoryURL = "https://github.com/AgoraIO/AgoraRtcEngine_iOS";
			requirement = {
				kind = exactVersion;
				version = "3.5.0-r.3";
			};
		};
/* End XCRemoteSwiftPackageReference section */

/* Begin XCSwiftPackageProductDependency section */
		F33CAFFE26EF8921002273E8 /* AgoraRtcKit */ = {
			isa = XCSwiftPackageProductDependency;
			package = F33CAFFD26EF8921002273E8 /* XCRemoteSwiftPackageReference "AgoraRtcEngine_iOS" */;
			productName = AgoraRtcKit;
		};
/* End XCSwiftPackageProductDependency section */
	};
	rootObject = F33CAFDE26EF88DE002273E8 /* Project object */;
}
